
Microsoft Visual Studio Solution File, Format Version 12.00
# Visual Studio Version 17
VisualStudioVersion = 17.9.34622.214
MinimumVisualStudioVersion = 10.0.40219.1
Project("{FAE04EC0-301F-11D3-BF4B-00C04F79EFBC}") = "liniaprodukcyjna", "liniaprodukcyjna\liniaprodukcyjna.csproj", "{07450216-7849-4044-8769-443021FA4C8B}"
EndProject
Global
	GlobalSection(SolutionConfigurationPlatforms) = preSolution
		Debug|Any CPU = Debug|Any CPU
		Release|Any CPU = Release|Any CPU
	EndGlobalSection
	GlobalSection(ProjectConfigurationPlatforms) = postSolution
		{07450216-7849-4044-8769-443021FA4C8B}.Debug|Any CPU.ActiveCfg = Debug|Any CPU
		{07450216-7849-4044-8769-443021FA4C8B}.Debug|Any CPU.Build.0 = Debug|Any CPU
		{07450216-7849-4044-8769-443021FA4C8B}.Release|Any CPU.ActiveCfg = Release|Any CPU
		{07450216-7849-4044-8769-443021FA4C8B}.Release|Any CPU.Build.0 = Release|Any CPU
	EndGlobalSection
	GlobalSection(SolutionProperties) = preSolution
		HideSolutionNode = FALSE
	EndGlobalSection
	GlobalSection(ExtensibilityGlobals) = postSolution
		SolutionGuid = {564CFE04-2642-477D-9119-264B6F408325}
	EndGlobalSection
EndGlobal
